
Microsoft Visual Studio Solution File, Format Version 12.00
# Visual Studio Version 17
VisualStudioVersion = 17.14.36310.24 d17.14
MinimumVisualStudioVersion = 10.0.40219.1
Project("{FAE04EC0-301F-11D3-BF4B-00C04F79EFBC}") = "CheckNumber", "CheckNumber\CheckNumber.csproj", "{2B7BB820-63ED-487E-99ED-707D6DF6BBDA}"
EndProject
Global
	GlobalSection(SolutionConfigurationPlatforms) = preSolution
		Debug|Any CPU = Debug|Any CPU
		Release|Any CPU = Release|Any CPU
	EndGlobalSection
	GlobalSection(ProjectConfigurationPlatforms) = postSolution
		{2B7BB820-63ED-487E-99ED-707D6DF6BBDA}.Debug|Any CPU.ActiveCfg = Debug|Any CPU
		{2B7BB820-63ED-487E-99ED-707D6DF6BBDA}.Debug|Any CPU.Build.0 = Debug|Any CPU
		{2B7BB820-63ED-487E-99ED-707D6DF6BBDA}.Release|Any CPU.ActiveCfg = Release|Any CPU
		{2B7BB820-63ED-487E-99ED-707D6DF6BBDA}.Release|Any CPU.Build.0 = Release|Any CPU
	EndGlobalSection
	GlobalSection(SolutionProperties) = preSolution
		HideSolutionNode = FALSE
	EndGlobalSection
	GlobalSection(ExtensibilityGlobals) = postSolution
		SolutionGuid = {B05967CC-8F8F-4413-B00F-DB8865CBD4BD}
	EndGlobalSection
EndGlobal
